{
  "name": "@darkwolf/jwt",
  "version": "1.0.0",
  "lockfileVersion": 1,
  "requires": true,
  "dependencies": {
    "@darkwolf/base64url": {
      "version": "100.0.5",
      "resolved": "https://registry.npmjs.org/@darkwolf/base64url/-/base64url-100.0.5.tgz",
      "integrity": "sha512-f8JXE5KTO/u9YVNbcz3aGprHsPddER//Jwa5Q/aWaz7nVTOqamiN2xnBX03THk8aJrD3FKDRUcAedjf2H0Vn0w==",
      "requires": {
        "@darkwolf/primordials": "^1.2.0"
      }
    },
    "@darkwolf/primordials": {
      "version": "1.2.1",
      "resolved": "https://registry.npmjs.org/@darkwolf/primordials/-/primordials-1.2.1.tgz",
      "integrity": "sha512-62loW0O1/Iu7ts8U9me7oI3p2g7HHtVib7ISkRcLpvZS1q0U8x03UPDKkScYYKJukDf3d2Ns27EKnW/HJbm8Ag=="
    }
  }
}
